
Microsoft Visual Studio Solution File, Format Version 12.00
# Visual Studio 2013
VisualStudioVersion = 12.0.40629.0
MinimumVisualStudioVersion = 10.0.40219.1
Project("{FAE04EC0-301F-11D3-BF4B-00C04F79EFBC}") = "Common", "Common\Common.csproj", "{49EDF427-DCA5-479D-9A34-B36DD092C126}"
EndProject
Project("{FAE04EC0-301F-11D3-BF4B-00C04F79EFBC}") = "Common.Tests", "Common.Tests\Common.Tests.csproj", "{6E05AB9F-3C56-4646-8975-24140DF2E473}"
EndProject
Project("{FAE04EC0-301F-11D3-BF4B-00C04F79EFBC}") = "IO", "IO\IO.csproj", "{B6DC8D40-35E6-405F-9B2D-7E31D9804E74}"
EndProject
Project("{FAE04EC0-301F-11D3-BF4B-00C04F79EFBC}") = "IO.Tests", "IO.Tests\IO.Tests.csproj", "{EE50C084-ECB8-4A9A-8B56-81C8F678CF6C}"
EndProject
Project("{2150E333-8FDC-42A3-9474-1A3956D46DE8}") = ".nuget", ".nuget", "{AAA38700-F8F6-4491-8507-13E5A8E17846}"
	ProjectSection(SolutionItems) = preProject
		.nuget\NuGet.Config = .nuget\NuGet.Config
		.nuget\NuGet.exe = .nuget\NuGet.exe
		.nuget\NuGet.targets = .nuget\NuGet.targets
		.nuget\packages.config = .nuget\packages.config
	EndProjectSection
EndProject
Global
	GlobalSection(SolutionConfigurationPlatforms) = preSolution
		Debug|Any CPU = Debug|Any CPU
		Release|Any CPU = Release|Any CPU
	EndGlobalSection
	GlobalSection(ProjectConfigurationPlatforms) = postSolution
		{49EDF427-DCA5-479D-9A34-B36DD092C126}.Debug|Any CPU.ActiveCfg = Debug|Any CPU
		{49EDF427-DCA5-479D-9A34-B36DD092C126}.Debug|Any CPU.Build.0 = Debug|Any CPU
		{49EDF427-DCA5-479D-9A34-B36DD092C126}.Release|Any CPU.ActiveCfg = Release|Any CPU
		{49EDF427-DCA5-479D-9A34-B36DD092C126}.Release|Any CPU.Build.0 = Release|Any CPU
		{6E05AB9F-3C56-4646-8975-24140DF2E473}.Debug|Any CPU.ActiveCfg = Debug|Any CPU
		{6E05AB9F-3C56-4646-8975-24140DF2E473}.Debug|Any CPU.Build.0 = Debug|Any CPU
		{6E05AB9F-3C56-4646-8975-24140DF2E473}.Release|Any CPU.ActiveCfg = Release|Any CPU
		{6E05AB9F-3C56-4646-8975-24140DF2E473}.Release|Any CPU.Build.0 = Release|Any CPU
		{B6DC8D40-35E6-405F-9B2D-7E31D9804E74}.Debug|Any CPU.ActiveCfg = Debug|Any CPU
		{B6DC8D40-35E6-405F-9B2D-7E31D9804E74}.Debug|Any CPU.Build.0 = Debug|Any CPU
		{B6DC8D40-35E6-405F-9B2D-7E31D9804E74}.Release|Any CPU.ActiveCfg = Release|Any CPU
		{B6DC8D40-35E6-405F-9B2D-7E31D9804E74}.Release|Any CPU.Build.0 = Release|Any CPU
		{EE50C084-ECB8-4A9A-8B56-81C8F678CF6C}.Debug|Any CPU.ActiveCfg = Debug|Any CPU
		{EE50C084-ECB8-4A9A-8B56-81C8F678CF6C}.Debug|Any CPU.Build.0 = Debug|Any CPU
		{EE50C084-ECB8-4A9A-8B56-81C8F678CF6C}.Release|Any CPU.ActiveCfg = Release|Any CPU
		{EE50C084-ECB8-4A9A-8B56-81C8F678CF6C}.Release|Any CPU.Build.0 = Release|Any CPU
	EndGlobalSection
	GlobalSection(SolutionProperties) = preSolution
		HideSolutionNode = FALSE
	EndGlobalSection
EndGlobal
